// !$*UTF8*$!
{
	archiveVersion = 1;
	classes = {
	};
	objectVersion = 56;
	objects = {

/* Begin PBXBuildFile section */
		7F72EB03291A44EB00237C8C /* bimyogiriApp.swift in Sources */ = {isa = PBXBuildFile; fileRef = 7F72EB02291A44EB00237C8C /* bimyogiriApp.swift */; };
		7F72EB05291A44EB00237C8C /* ContentView.swift in Sources */ = {isa = PBXBuildFile; fileRef = 7F72EB04291A44EB00237C8C /* ContentView.swift */; };
		7F72EB07291A44EC00237C8C /* Assets.xcassets in Resources */ = {isa = PBXBuildFile; fileRef = 7F72EB06291A44EC00237C8C /* Assets.xcassets */; };
		7F72EB0A291A44EC00237C8C /* Preview Assets.xcassets in Resources */ = {isa = PBXBuildFile; fileRef = 7F72EB09291A44EC00237C8C /* Preview Assets.xcassets */; };
		7F72EB14291A44EC00237C8C /* bimyogiriTests.swift in Sources */ = {isa = PBXBuildFile; fileRef = 7F72EB13291A44EC00237C8C /* bimyogiriTests.swift */; };
		7F72EB1E291A44EC00237C8C /* bimyogiriUITests.swift in Sources */ = {isa = PBXBuildFile; fileRef = 7F72EB1D291A44EC00237C8C /* bimyogiriUITests.swift */; };
		7F72EB20291A44EC00237C8C /* bimyogiriUITestsLaunchTests.swift in Sources */ = {isa = PBXBuildFile; fileRef = 7F72EB1F291A44EC00237C8C /* bimyogiriUITestsLaunchTests.swift */; };
		7F9302C0292EAADC001B9FB6 /* TargetView.swift in Sources */ = {isa = PBXBuildFile; fileRef = 7F9302BF292EAADC001B9FB6 /* TargetView.swift */; };
		7F9302C3292FA253001B9FB6 /* GenerateTextModel.swift in Sources */ = {isa = PBXBuildFile; fileRef = 7F9302C2292FA253001B9FB6 /* GenerateTextModel.swift */; };
		7F9302C5292FA380001B9FB6 /* GenerateTextAPIClient.swift in Sources */ = {isa = PBXBuildFile; fileRef = 7F9302C4292FA380001B9FB6 /* GenerateTextAPIClient.swift */; };
		7F9302C7292FAFDB001B9FB6 /* GenerateTextViewModel.swift in Sources */ = {isa = PBXBuildFile; fileRef = 7F9302C6292FAFDB001B9FB6 /* GenerateTextViewModel.swift */; };
/* End PBXBuildFile section */

/* Begin PBXContainerItemProxy section */
		7F72EB10291A44EC00237C8C /* PBXContainerItemProxy */ = {
			isa = PBXContainerItemProxy;
			containerPortal = 7F72EAF7291A44EB00237C8C /* Project object */;
			proxyType = 1;
			remoteGlobalIDString = 7F72EAFE291A44EB00237C8C;
			remoteInfo = bimyogiri;
		};
		7F72EB1A291A44EC00237C8C /* PBXContainerItemProxy */ = {
			isa = PBXContainerItemProxy;
			containerPortal = 7F72EAF7291A44EB00237C8C /* Project object */;
			proxyType = 1;
			remoteGlobalIDString = 7F72EAFE291A44EB00237C8C;
			remoteInfo = bimyogiri;
		};
/* End PBXContainerItemProxy section */

/* Begin PBXFileReference section */
		7F72EAFF291A44EB00237C8C /* bimyogiri.app */ = {isa = PBXFileReference; explicitFileType = wrapper.application; includeInIndex = 0; path = bimyogiri.app; sourceTree = BUILT_PRODUCTS_DIR; };
		7F72EB02291A44EB00237C8C /* bimyogiriApp.swift */ = {isa = PBXFileReference; lastKnownFileType = sourcecode.swift; path = bimyogiriApp.swift; sourceTree = "<group>"; };
		7F72EB04291A44EB00237C8C /* ContentView.swift */ = {isa = PBXFileReference; lastKnownFileType = sourcecode.swift; path = ContentView.swift; sourceTree = "<group>"; };
		7F72EB06291A44EC00237C8C /* Assets.xcassets */ = {isa = PBXFileReference; lastKnownFileType = folder.assetcatalog; path = Assets.xcassets; sourceTree = "<group>"; };
		7F72EB09291A44EC00237C8C /* Preview Assets.xcassets */ = {isa = PBXFileReference; lastKnownFileType = folder.assetcatalog; path = "Preview Assets.xcassets"; sourceTree = "<group>"; };
		7F72EB0F291A44EC00237C8C /* bimyogiriTests.xctest */ = {isa = PBXFileReference; explicitFileType = wrapper.cfbundle; includeInIndex = 0; path = bimyogiriTests.xctest; sourceTree = BUILT_PRODUCTS_DIR; };
		7F72EB13291A44EC00237C8C /* bimyogiriTests.swift */ = {isa = PBXFileReference; lastKnownFileType = sourcecode.swift; path = bimyogiriTests.swift; sourceTree = "<group>"; };
		7F72EB19291A44EC00237C8C /* bimyogiriUITests.xctest */ = {isa = PBXFileReference; explicitFileType = wrapper.cfbundle; includeInIndex = 0; path = bimyogiriUITests.xctest; sourceTree = BUILT_PRODUCTS_DIR; };
		7F72EB1D291A44EC00237C8C /* bimyogiriUITests.swift */ = {isa = PBXFileReference; lastKnownFileType = sourcecode.swift; path = bimyogiriUITests.swift; sourceTree = "<group>"; };
		7F72EB1F291A44EC00237C8C /* bimyogiriUITestsLaunchTests.swift */ = {isa = PBXFileReference; lastKnownFileType = sourcecode.swift; path = bimyogiriUITestsLaunchTests.swift; sourceTree = "<group>"; };
		7F9302BF292EAADC001B9FB6 /* TargetView.swift */ = {isa = PBXFileReference; lastKnownFileType = sourcecode.swift; path = TargetView.swift; sourceTree = "<group>"; };
		7F9302C2292FA253001B9FB6 /* GenerateTextModel.swift */ = {isa = PBXFileReference; lastKnownFileType = sourcecode.swift; path = GenerateTextModel.swift; sourceTree = "<group>"; };
		7F9302C4292FA380001B9FB6 /* GenerateTextAPIClient.swift */ = {isa = PBXFileReference; lastKnownFileType = sourcecode.swift; path = GenerateTextAPIClient.swift; sourceTree = "<group>"; };
		7F9302C6292FAFDB001B9FB6 /* GenerateTextViewModel.swift */ = {isa = PBXFileReference; lastKnownFileType = sourcecode.swift; path = GenerateTextViewModel.swift; sourceTree = "<group>"; };
/* End PBXFileReference section */

/* Begin PBXFrameworksBuildPhase section */
		7F72EAFC291A44EB00237C8C /* Frameworks */ = {
			isa = PBXFrameworksBuildPhase;
			buildActionMask = 2147483647;
			files = (
			);
			runOnlyForDeploymentPostprocessing = 0;
		};
		7F72EB0C291A44EC00237C8C /* Frameworks */ = {
			isa = PBXFrameworksBuildPhase;
			buildActionMask = 2147483647;
			files = (
			);
			runOnlyForDeploymentPostprocessing = 0;
		};
		7F72EB16291A44EC00237C8C /* Frameworks */ = {
			isa = PBXFrameworksBuildPhase;
			buildActionMask = 2147483647;
			files = (
			);
			runOnlyForDeploymentPostprocessing = 0;
		};
/* End PBXFrameworksBuildPhase section */

/* Begin PBXGroup section */
		7F72EAF6291A44EB00237C8C = {
			isa = PBXGroup;
			children = (
				7F72EB01291A44EB00237C8C /* bimyogiri */,
				7F72EB12291A44EC00237C8C /* bimyogiriTests */,
				7F72EB1C291A44EC00237C8C /* bimyogiriUITests */,
				7F72EB00291A44EB00237C8C /* Products */,
			);
			sourceTree = "<group>";
		};
		7F72EB00291A44EB00237C8C /* Products */ = {
			isa = PBXGroup;
			children = (
				7F72EAFF291A44EB00237C8C /* bimyogiri.app */,
				7F72EB0F291A44EC00237C8C /* bimyogiriTests.xctest */,
				7F72EB19291A44EC00237C8C /* bimyogiriUITests.xctest */,
			);
			name = Products;
			sourceTree = "<group>";
		};
		7F72EB01291A44EB00237C8C /* bimyogiri */ = {
			isa = PBXGroup;
			children = (
				7F9302C1292FA223001B9FB6 /* models */,
				7F72EB02291A44EB00237C8C /* bimyogiriApp.swift */,
				7F72EB04291A44EB00237C8C /* ContentView.swift */,
				7F9302BF292EAADC001B9FB6 /* TargetView.swift */,
				7F72EB06291A44EC00237C8C /* Assets.xcassets */,
				7F72EB08291A44EC00237C8C /* Preview Content */,
				7F9302C4292FA380001B9FB6 /* GenerateTextAPIClient.swift */,
				7F9302C6292FAFDB001B9FB6 /* GenerateTextViewModel.swift */,
			);
			path = bimyogiri;
			sourceTree = "<group>";
		};
		7F72EB08291A44EC00237C8C /* Preview Content */ = {
			isa = PBXGroup;
			children = (
				7F72EB09291A44EC00237C8C /* Preview Assets.xcassets */,
			);
			path = "Preview Content";
			sourceTree = "<group>";
		};
		7F72EB12291A44EC00237C8C /* bimyogiriTests */ = {
			isa = PBXGroup;
			children = (
				7F72EB13291A44EC00237C8C /* bimyogiriTests.swift */,
			);
			path = bimyogiriTests;
			sourceTree = "<group>";
		};
		7F72EB1C291A44EC00237C8C /* bimyogiriUITests */ = {
			isa = PBXGroup;
			children = (
				7F72EB1D291A44EC00237C8C /* bimyogiriUITests.swift */,
				7F72EB1F291A44EC00237C8C /* bimyogiriUITestsLaunchTests.swift */,
			);
			path = bimyogiriUITests;
			sourceTree = "<group>";
		};
		7F9302C1292FA223001B9FB6 /* models */ = {
			isa = PBXGroup;
			children = (
				7F9302C2292FA253001B9FB6 /* GenerateTextModel.swift */,
			);
			path = models;
			sourceTree = "<group>";
		};
/* End PBXGroup section */

/* Begin PBXNativeTarget section */
		7F72EAFE291A44EB00237C8C /* bimyogiri */ = {
			isa = PBXNativeTarget;
			buildConfigurationList = 7F72EB23291A44EC00237C8C /* Build configuration list for PBXNativeTarget "bimyogiri" */;
			buildPhases = (
				7F72EAFB291A44EB00237C8C /* Sources */,
				7F72EAFC291A44EB00237C8C /* Frameworks */,
				7F72EAFD291A44EB00237C8C /* Resources */,
			);
			buildRules = (
			);
			dependencies = (
			);
			name = bimyogiri;
			productName = bimyogiri;
			productReference = 7F72EAFF291A44EB00237C8C /* bimyogiri.app */;
			productType = "com.apple.product-type.application";
		};
		7F72EB0E291A44EC00237C8C /* bimyogiriTests */ = {
			isa = PBXNativeTarget;
			buildConfigurationList = 7F72EB26291A44EC00237C8C /* Build configuration list for PBXNativeTarget "bimyogiriTests" */;
			buildPhases = (
				7F72EB0B291A44EC00237C8C /* Sources */,
				7F72EB0C291A44EC00237C8C /* Frameworks */,
				7F72EB0D291A44EC00237C8C /* Resources */,
			);
			buildRules = (
			);
			dependencies = (
				7F72EB11291A44EC00237C8C /* PBXTargetDependency */,
			);
			name = bimyogiriTests;
			productName = bimyogiriTests;
			productReference = 7F72EB0F291A44EC00237C8C /* bimyogiriTests.xctest */;
			productType = "com.apple.product-type.bundle.unit-test";
		};
		7F72EB18291A44EC00237C8C /* bimyogiriUITests */ = {
			isa = PBXNativeTarget;
			buildConfigurationList = 7F72EB29291A44EC00237C8C /* Build configuration list for PBXNativeTarget "bimyogiriUITests" */;
			buildPhases = (
				7F72EB15291A44EC00237C8C /* Sources */,
				7F72EB16291A44EC00237C8C /* Frameworks */,
				7F72EB17291A44EC00237C8C /* Resources */,
			);
			buildRules = (
			);
			dependencies = (
				7F72EB1B291A44EC00237C8C /* PBXTargetDependency */,
			);
			name = bimyogiriUITests;
			productName = bimyogiriUITests;
			productReference = 7F72EB19291A44EC00237C8C /* bimyogiriUITests.xctest */;
			productType = "com.apple.product-type.bundle.ui-testing";
		};
/* End PBXNativeTarget section */

/* Begin PBXProject section */
		7F72EAF7291A44EB00237C8C /* Project object */ = {
			isa = PBXProject;
			attributes = {
				BuildIndependentTargetsInParallel = 1;
				LastSwiftUpdateCheck = 1410;
				LastUpgradeCheck = 1410;
				TargetAttributes = {
					7F72EAFE291A44EB00237C8C = {
						CreatedOnToolsVersion = 14.1;
					};
					7F72EB0E291A44EC00237C8C = {
						CreatedOnToolsVersion = 14.1;
						TestTargetID = 7F72EAFE291A44EB00237C8C;
					};
					7F72EB18291A44EC00237C8C = {
						CreatedOnToolsVersion = 14.1;
						TestTargetID = 7F72EAFE291A44EB00237C8C;
					};
				};
			};
			buildConfigurationList = 7F72EAFA291A44EB00237C8C /* Build configuration list for PBXProject "bimyogiri" */;
			compatibilityVersion = "Xcode 14.0";
			developmentRegion = en;
			hasScannedForEncodings = 0;
			knownRegions = (
				en,
				Base,
			);
			mainGroup = 7F72EAF6291A44EB00237C8C;
			productRefGroup = 7F72EB00291A44EB00237C8C /* Products */;
			projectDirPath = "";
			projectRoot = "";
			targets = (
				7F72EAFE291A44EB00237C8C /* bimyogiri */,
				7F72EB0E291A44EC00237C8C /* bimyogiriTests */,
				7F72EB18291A44EC00237C8C /* bimyogiriUITests */,
			);
		};
/* End PBXProject section */

/* Begin PBXResourcesBuildPhase section */
		7F72EAFD291A44EB00237C8C /* Resources */ = {
			isa = PBXResourcesBuildPhase;
			buildActionMask = 2147483647;
			files = (
				7F72EB0A291A44EC00237C8C /* Preview Assets.xcassets in Resources */,
				7F72EB07291A44EC00237C8C /* Assets.xcassets in Resources */,
			);
			runOnlyForDeploymentPostprocessing = 0;
		};
		7F72EB0D291A44EC00237C8C /* Resources */ = {
			isa = PBXResourcesBuildPhase;
			buildActionMask = 2147483647;
			files = (
			);
			runOnlyForDeploymentPostprocessing = 0;
		};
		7F72EB17291A44EC00237C8C /* Resources */ = {
			isa = PBXResourcesBuildPhase;
			buildActionMask = 2147483647;
			files = (
			);
			runOnlyForDeploymentPostprocessing = 0;
		};
/* End PBXResourcesBuildPhase section */

/* Begin PBXSourcesBuildPhase section */
		7F72EAFB291A44EB00237C8C /* Sources */ = {
			isa = PBXSourcesBuildPhase;
			buildActionMask = 2147483647;
			files = (
				7F72EB05291A44EB00237C8C /* ContentView.swift in Sources */,
				7F72EB03291A44EB00237C8C /* bimyogiriApp.swift in Sources */,
				7F9302C7292FAFDB001B9FB6 /* GenerateTextViewModel.swift in Sources */,
				7F9302C0292EAADC001B9FB6 /* TargetView.swift in Sources */,
				7F9302C5292FA380001B9FB6 /* GenerateTextAPIClient.swift in Sources */,
				7F9302C3292FA253001B9FB6 /* GenerateTextModel.swift in Sources */,
			);
			runOnlyForDeploymentPostprocessing = 0;
		};
		7F72EB0B291A44EC00237C8C /* Sources */ = {
			isa = PBXSourcesBuildPhase;
			buildActionMask = 2147483647;
			files = (
				7F72EB14291A44EC00237C8C /* bimyogiriTests.swift in Sources */,
			);
			runOnlyForDeploymentPostprocessing = 0;
		};
		7F72EB15291A44EC00237C8C /* Sources */ = {
			isa = PBXSourcesBuildPhase;
			buildActionMask = 2147483647;
			files = (
				7F72EB20291A44EC00237C8C /* bimyogiriUITestsLaunchTests.swift in Sources */,
				7F72EB1E291A44EC00237C8C /* bimyogiriUITests.swift in Sources */,
			);
			runOnlyForDeploymentPostprocessing = 0;
		};
/* End PBXSourcesBuildPhase section */

/* Begin PBXTargetDependency section */
		7F72EB11291A44EC00237C8C /* PBXTargetDependency */ = {
			isa = PBXTargetDependency;
			target = 7F72EAFE291A44EB00237C8C /* bimyogiri */;
			targetProxy = 7F72EB10291A44EC00237C8C /* PBXContainerItemProxy */;
		};
		7F72EB1B291A44EC00237C8C /* PBXTargetDependency */ = {
			isa = PBXTargetDependency;
			target = 7F72EAFE291A44EB00237C8C /* bimyogiri */;
			targetProxy = 7F72EB1A291A44EC00237C8C /* PBXContainerItemProxy */;
		};
/* End PBXTargetDependency section */

/* Begin XCBuildConfiguration section */
		7F72EB21291A44EC00237C8C /* Debug */ = {
			isa = XCBuildConfiguration;
			buildSettings = {
				ALWAYS_SEARCH_USER_PATHS = NO;
				CLANG_ANALYZER_NONNULL = YES;
				CLANG_ANALYZER_NUMBER_OBJECT_CONVERSION = YES_AGGRESSIVE;
				CLANG_CXX_LANGUAGE_STANDARD = "gnu++20";
				CLANG_ENABLE_MODULES = YES;
				CLANG_ENABLE_OBJC_ARC = YES;
				CLANG_ENABLE_OBJC_WEAK = YES;
				CLANG_WARN_BLOCK_CAPTURE_AUTORELEASING = YES;
				CLANG_WARN_BOOL_CONVERSION = YES;
				CLANG_WARN_COMMA = YES;
				CLANG_WARN_CONSTANT_CONVERSION = YES;
				CLANG_WARN_DEPRECATED_OBJC_IMPLEMENTATIONS = YES;
				CLANG_WARN_DIRECT_OBJC_ISA_USAGE = YES_ERROR;
				CLANG_WARN_DOCUMENTATION_COMMENTS = YES;
				CLANG_WARN_EMPTY_BODY = YES;
				CLANG_WARN_ENUM_CONVERSION = YES;
				CLANG_WARN_INFINITE_RECURSION = YES;
				CLANG_WARN_INT_CONVERSION = YES;
				CLANG_WARN_NON_LITERAL_NULL_CONVERSION = YES;
				CLANG_WARN_OBJC_IMPLICIT_RETAIN_SELF = YES;
				CLANG_WARN_OBJC_LITERAL_CONVERSION = YES;
				CLANG_WARN_OBJC_ROOT_CLASS = YES_ERROR;
				CLANG_WARN_QUOTED_INCLUDE_IN_FRAMEWORK_HEADER = YES;
				CLANG_WARN_RANGE_LOOP_ANALYSIS = YES;
				CLANG_WARN_STRICT_PROTOTYPES = YES;
				CLANG_WARN_SUSPICIOUS_MOVE = YES;
				CLANG_WARN_UNGUARDED_AVAILABILITY = YES_AGGRESSIVE;
				CLANG_WARN_UNREACHABLE_CODE = YES;
				CLANG_WARN__DUPLICATE_METHOD_MATCH = YES;
				COPY_PHASE_STRIP = NO;
				DEBUG_INFORMATION_FORMAT = dwarf;
				ENABLE_STRICT_OBJC_MSGSEND = YES;
				ENABLE_TESTABILITY = YES;
				GCC_C_LANGUAGE_STANDARD = gnu11;
				GCC_DYNAMIC_NO_PIC = NO;
				GCC_NO_COMMON_BLOCKS = YES;
				GCC_OPTIMIZATION_LEVEL = 0;
				GCC_PREPROCESSOR_DEFINITIONS = (
					"DEBUG=1",
					"$(inherited)",
				);
				GCC_WARN_64_TO_32_BIT_CONVERSION = YES;
				GCC_WARN_ABOUT_RETURN_TYPE = YES_ERROR;
				GCC_WARN_UNDECLARED_SELECTOR = YES;
				GCC_WARN_UNINITIALIZED_AUTOS = YES_AGGRESSIVE;
				GCC_WARN_UNUSED_FUNCTION = YES;
				GCC_WARN_UNUSED_VARIABLE = YES;
				IPHONEOS_DEPLOYMENT_TARGET = 16.1;
				MTL_ENABLE_DEBUG_INFO = INCLUDE_SOURCE;
				MTL_FAST_MATH = YES;
				ONLY_ACTIVE_ARCH = YES;
				SDKROOT = iphoneos;
				SWIFT_ACTIVE_COMPILATION_CONDITIONS = DEBUG;
				SWIFT_OPTIMIZATION_LEVEL = "-Onone";
			};
			name = Debug;
		};
		7F72EB22291A44EC00237C8C /* Release */ = {
			isa = XCBuildConfiguration;
			buildSettings = {
				ALWAYS_SEARCH_USER_PATHS = NO;
				CLANG_ANALYZER_NONNULL = YES;
				CLANG_ANALYZER_NUMBER_OBJECT_CONVERSION = YES_AGGRESSIVE;
				CLANG_CXX_LANGUAGE_STANDARD = "gnu++20";
				CLANG_ENABLE_MODULES = YES;
				CLANG_ENABLE_OBJC_ARC = YES;
				CLANG_ENABLE_OBJC_WEAK = YES;
				CLANG_WARN_BLOCK_CAPTURE_AUTORELEASING = YES;
				CLANG_WARN_BOOL_CONVERSION = YES;
				CLANG_WARN_COMMA = YES;
				CLANG_WARN_CONSTANT_CONVERSION = YES;
				CLANG_WARN_DEPRECATED_OBJC_IMPLEMENTATIONS = YES;
				CLANG_WARN_DIRECT_OBJC_ISA_USAGE = YES_ERROR;
				CLANG_WARN_DOCUMENTATION_COMMENTS = YES;
				CLANG_WARN_EMPTY_BODY = YES;
				CLANG_WARN_ENUM_CONVERSION = YES;
				CLANG_WARN_INFINITE_RECURSION = YES;
				CLANG_WARN_INT_CONVERSION = YES;
				CLANG_WARN_NON_LITERAL_NULL_CONVERSION = YES;
				CLANG_WARN_OBJC_IMPLICIT_RETAIN_SELF = YES;
				CLANG_WARN_OBJC_LITERAL_CONVERSION = YES;
				CLANG_WARN_OBJC_ROOT_CLASS = YES_ERROR;
				CLANG_WARN_QUOTED_INCLUDE_IN_FRAMEWORK_HEADER = YES;
				CLANG_WARN_RANGE_LOOP_ANALYSIS = YES;
				CLANG_WARN_STRICT_PROTOTYPES = YES;
				CLANG_WARN_SUSPICIOUS_MOVE = YES;
				CLANG_WARN_UNGUARDED_AVAILABILITY = YES_AGGRESSIVE;
				CLANG_WARN_UNREACHABLE_CODE = YES;
				CLANG_WARN__DUPLICATE_METHOD_MATCH = YES;
				COPY_PHASE_STRIP = NO;
				DEBUG_INFORMATION_FORMAT = "dwarf-with-dsym";
				ENABLE_NS_ASSERTIONS = NO;
				ENABLE_STRICT_OBJC_MSGSEND = YES;
				GCC_C_LANGUAGE_STANDARD = gnu11;
				GCC_NO_COMMON_BLOCKS = YES;
				GCC_WARN_64_TO_32_BIT_CONVERSION = YES;
				GCC_WARN_ABOUT_RETURN_TYPE = YES_ERROR;
				GCC_WARN_UNDECLARED_SELECTOR = YES;
				GCC_WARN_UNINITIALIZED_AUTOS = YES_AGGRESSIVE;
				GCC_WARN_UNUSED_FUNCTION = YES;
				GCC_WARN_UNUSED_VARIABLE = YES;
				IPHONEOS_DEPLOYMENT_TARGET = 16.1;
				MTL_ENABLE_DEBUG_INFO = NO;
				MTL_FAST_MATH = YES;
				SDKROOT = iphoneos;
				SWIFT_COMPILATION_MODE = wholemodule;
				SWIFT_OPTIMIZATION_LEVEL = "-O";
				VALIDATE_PRODUCT = YES;
			};
			name = Release;
		};
		7F72EB24291A44EC00237C8C /* Debug */ = {
			isa = XCBuildConfiguration;
			buildSettings = {
				ASSETCATALOG_COMPILER_APPICON_NAME = AppIcon;
				ASSETCATALOG_COMPILER_GLOBAL_ACCENT_COLOR_NAME = AccentColor;
				CODE_SIGN_STYLE = Automatic;
				CURRENT_PROJECT_VERSION = 1;
				DEVELOPMENT_ASSET_PATHS = "\"bimyogiri/Preview Content\"";
				DEVELOPMENT_TEAM = XM4CAWYGB6;
				ENABLE_PREVIEWS = YES;
				GENERATE_INFOPLIST_FILE = YES;
				INFOPLIST_KEY_UIApplicationSceneManifest_Generation = YES;
				INFOPLIST_KEY_UIApplicationSupportsIndirectInputEvents = YES;
				INFOPLIST_KEY_UILaunchScreen_Generation = YES;
				INFOPLIST_KEY_UISupportedInterfaceOrientations_iPad = "UIInterfaceOrientationPortrait UIInterfaceOrientationPortraitUpsideDown UIInterfaceOrientationLandscapeLeft UIInterfaceOrientationLandscapeRight";
				INFOPLIST_KEY_UISupportedInterfaceOrientations_iPhone = "UIInterfaceOrientationPortrait UIInterfaceOrientationLandscapeLeft UIInterfaceOrientationLandscapeRight";
				LD_RUNPATH_SEARCH_PATHS = (
					"$(inherited)",
					"@executable_path/Frameworks",
				);
				MARKETING_VERSION = 1.0;
				PRODUCT_BUNDLE_IDENTIFIER = alquist4121.bimyogiri;
				PRODUCT_NAME = "$(TARGET_NAME)";
				SWIFT_EMIT_LOC_STRINGS = YES;
				SWIFT_VERSION = 5.0;
				TARGETED_DEVICE_FAMILY = "1,2";
			};
			name = Debug;
		};
		7F72EB25291A44EC00237C8C /* Release */ = {
			isa = XCBuildConfiguration;
			buildSettings = {
				ASSETCATALOG_COMPILER_APPICON_NAME = AppIcon;
				ASSETCATALOG_COMPILER_GLOBAL_ACCENT_COLOR_NAME = AccentColor;
				CODE_SIGN_STYLE = Automatic;
				CURRENT_PROJECT_VERSION = 1;
				DEVELOPMENT_ASSET_PATHS = "\"bimyogiri/Preview Content\"";
				DEVELOPMENT_TEAM = XM4CAWYGB6;
				ENABLE_PREVIEWS = YES;
				GENERATE_INFOPLIST_FILE = YES;
				INFOPLIST_KEY_UIApplicationSceneManifest_Generation = YES;
				INFOPLIST_KEY_UIApplicationSupportsIndirectInputEvents = YES;
				INFOPLIST_KEY_UILaunchScreen_Generation = YES;
				INFOPLIST_KEY_UISupportedInterfaceOrientations_iPad = "UIInterfaceOrientationPortrait UIInterfaceOrientationPortraitUpsideDown UIInterfaceOrientationLandscapeLeft UIInterfaceOrientationLandscapeRight";
				INFOPLIST_KEY_UISupportedInterfaceOrientations_iPhone = "UIInterfaceOrientationPortrait UIInterfaceOrientationLandscapeLeft UIInterfaceOrientationLandscapeRight";
				LD_RUNPATH_SEARCH_PATHS = (
					"$(inherited)",
					"@executable_path/Frameworks",
				);
				MARKETING_VERSION = 1.0;
				PRODUCT_BUNDLE_IDENTIFIER = alquist4121.bimyogiri;
				PRODUCT_NAME = "$(TARGET_NAME)";
				SWIFT_EMIT_LOC_STRINGS = YES;
				SWIFT_VERSION = 5.0;
				TARGETED_DEVICE_FAMILY = "1,2";
			};
			name = Release;
		};
		7F72EB27291A44EC00237C8C /* Debug */ = {
			isa = XCBuildConfiguration;
			buildSettings = {
				ALWAYS_EMBED_SWIFT_STANDARD_LIBRARIES = YES;
				BUNDLE_LOADER = "$(TEST_HOST)";
				CODE_SIGN_STYLE = Automatic;
				CURRENT_PROJECT_VERSION = 1;
				DEVELOPMENT_TEAM = XM4CAWYGB6;
				GENERATE_INFOPLIST_FILE = YES;
				IPHONEOS_DEPLOYMENT_TARGET = 16.1;
				MARKETING_VERSION = 1.0;
				PRODUCT_BUNDLE_IDENTIFIER = alquist4121.bimyogiriTests;
				PRODUCT_NAME = "$(TARGET_NAME)";
				SWIFT_EMIT_LOC_STRINGS = NO;
				SWIFT_VERSION = 5.0;
				TARGETED_DEVICE_FAMILY = "1,2";
				TEST_HOST = "$(BUILT_PRODUCTS_DIR)/bimyogiri.app/$(BUNDLE_EXECUTABLE_FOLDER_PATH)/bimyogiri";
			};
			name = Debug;
		};
		7F72EB28291A44EC00237C8C /* Release */ = {
			isa = XCBuildConfiguration;
			buildSettings = {
				ALWAYS_EMBED_SWIFT_STANDARD_LIBRARIES = YES;
				BUNDLE_LOADER = "$(TEST_HOST)";
				CODE_SIGN_STYLE = Automatic;
				CURRENT_PROJECT_VERSION = 1;
				DEVELOPMENT_TEAM = XM4CAWYGB6;
				GENERATE_INFOPLIST_FILE = YES;
				IPHONEOS_DEPLOYMENT_TARGET = 16.1;
				MARKETING_VERSION = 1.0;
				PRODUCT_BUNDLE_IDENTIFIER = alquist4121.bimyogiriTests;
				PRODUCT_NAME = "$(TARGET_NAME)";
				SWIFT_EMIT_LOC_STRINGS = NO;
				SWIFT_VERSION = 5.0;
				TARGETED_DEVICE_FAMILY = "1,2";
				TEST_HOST = "$(BUILT_PRODUCTS_DIR)/bimyogiri.app/$(BUNDLE_EXECUTABLE_FOLDER_PATH)/bimyogiri";
			};
			name = Release;
		};
		7F72EB2A291A44EC00237C8C /* Debug */ = {
			isa = XCBuildConfiguration;
			buildSettings = {
				ALWAYS_EMBED_SWIFT_STANDARD_LIBRARIES = YES;
				CODE_SIGN_STYLE = Automatic;
				CURRENT_PROJECT_VERSION = 1;
				DEVELOPMENT_TEAM = XM4CAWYGB6;
				GENERATE_INFOPLIST_FILE = YES;
				MARKETING_VERSION = 1.0;
				PRODUCT_BUNDLE_IDENTIFIER = alquist4121.bimyogiriUITests;
				PRODUCT_NAME = "$(TARGET_NAME)";
				SWIFT_EMIT_LOC_STRINGS = NO;
				SWIFT_VERSION = 5.0;
				TARGETED_DEVICE_FAMILY = "1,2";
				TEST_TARGET_NAME = bimyogiri;
			};
			name = Debug;
		};
		7F72EB2B291A44EC00237C8C /* Release */ = {
			isa = XCBuildConfiguration;
			buildSettings = {
				ALWAYS_EMBED_SWIFT_STANDARD_LIBRARIES = YES;
				CODE_SIGN_STYLE = Automatic;
				CURRENT_PROJECT_VERSION = 1;
				DEVELOPMENT_TEAM = XM4CAWYGB6;
				GENERATE_INFOPLIST_FILE = YES;
				MARKETING_VERSION = 1.0;
				PRODUCT_BUNDLE_IDENTIFIER = alquist4121.bimyogiriUITests;
				PRODUCT_NAME = "$(TARGET_NAME)";
				SWIFT_EMIT_LOC_STRINGS = NO;
				SWIFT_VERSION = 5.0;
				TARGETED_DEVICE_FAMILY = "1,2";
				TEST_TARGET_NAME = bimyogiri;
			};
			name = Release;
		};
/* End XCBuildConfiguration section */

/* Begin XCConfigurationList section */
		7F72EAFA291A44EB00237C8C /* Build configuration list for PBXProject "bimyogiri" */ = {
			isa = XCConfigurationList;
			buildConfigurations = (
				7F72EB21291A44EC00237C8C /* Debug */,
				7F72EB22291A44EC00237C8C /* Release */,
			);
			defaultConfigurationIsVisible = 0;
			defaultConfigurationName = Release;
		};
		7F72EB23291A44EC00237C8C /* Build configuration list for PBXNativeTarget "bimyogiri" */ = {
			isa = XCConfigurationList;
			buildConfigurations = (
				7F72EB24291A44EC00237C8C /* Debug */,
				7F72EB25291A44EC00237C8C /* Release */,
			);
			defaultConfigurationIsVisible = 0;
			defaultConfigurationName = Release;
		};
		7F72EB26291A44EC00237C8C /* Build configuration list for PBXNativeTarget "bimyogiriTests" */ = {
			isa = XCConfigurationList;
			buildConfigurations = (
				7F72EB27291A44EC00237C8C /* Debug */,
				7F72EB28291A44EC00237C8C /* Release */,
			);
			defaultConfigurationIsVisible = 0;
			defaultConfigurationName = Release;
		};
		7F72EB29291A44EC00237C8C /* Build configuration list for PBXNativeTarget "bimyogiriUITests" */ = {
			isa = XCConfigurationList;
			buildConfigurations = (
				7F72EB2A291A44EC00237C8C /* Debug */,
				7F72EB2B291A44EC00237C8C /* Release */,
			);
			defaultConfigurationIsVisible = 0;
			defaultConfigurationName = Release;
		};
/* End XCConfigurationList section */
	};
	rootObject = 7F72EAF7291A44EB00237C8C /* Project object */;
}
